
Microsoft Visual Studio Solution File, Format Version 12.00
# Visual Studio Version 17
VisualStudioVersion = 17.10.35122.118
MinimumVisualStudioVersion = 10.0.40219.1
Project("{FAE04EC0-301F-11D3-BF4B-00C04F79EFBC}") = "PosTech.Fase3.AddContact.API", "PosTech.Fase3.AddContact.API.csproj", "{5094196F-2AF8-4FAB-905F-2DEC97BC94CD}"
EndProject
Project("{2150E333-8FDC-42A3-9474-1A3956D46DE8}") = "01-API", "01-API", "{8EB71EAA-9B1B-41A4-93FF-368159B5B973}"
EndProject
Project("{2150E333-8FDC-42A3-9474-1A3956D46DE8}") = "02-Application", "02-Application", "{9618F4A4-F267-4A0C-91DF-A8837B2A4CC2}"
EndProject
Project("{2150E333-8FDC-42A3-9474-1A3956D46DE8}") = "03-Domain", "03-Domain", "{0A47C432-8DDD-41FA-9D82-997185642DD9}"
EndProject
Project("{2150E333-8FDC-42A3-9474-1A3956D46DE8}") = "04-Infrastructure", "04-Infrastructure", "{F3C8DC04-3795-4CEC-8DD8-D1DD28228B4C}"
EndProject
Project("{2150E333-8FDC-42A3-9474-1A3956D46DE8}") = "05-Tests", "05-Tests", "{90FE3EFB-8559-4A3A-BBEF-B21F855AEEC0}"
EndProject
Global
	GlobalSection(SolutionConfigurationPlatforms) = preSolution
		Debug|Any CPU = Debug|Any CPU
		Release|Any CPU = Release|Any CPU
	EndGlobalSection
	GlobalSection(ProjectConfigurationPlatforms) = postSolution
		{5094196F-2AF8-4FAB-905F-2DEC97BC94CD}.Debug|Any CPU.ActiveCfg = Debug|Any CPU
		{5094196F-2AF8-4FAB-905F-2DEC97BC94CD}.Debug|Any CPU.Build.0 = Debug|Any CPU
		{5094196F-2AF8-4FAB-905F-2DEC97BC94CD}.Release|Any CPU.ActiveCfg = Release|Any CPU
		{5094196F-2AF8-4FAB-905F-2DEC97BC94CD}.Release|Any CPU.Build.0 = Release|Any CPU
	EndGlobalSection
	GlobalSection(SolutionProperties) = preSolution
		HideSolutionNode = FALSE
	EndGlobalSection
	GlobalSection(NestedProjects) = preSolution
		{5094196F-2AF8-4FAB-905F-2DEC97BC94CD} = {8EB71EAA-9B1B-41A4-93FF-368159B5B973}
	EndGlobalSection
	GlobalSection(ExtensibilityGlobals) = postSolution
		SolutionGuid = {E2E00B4A-A945-466B-871F-BD0113CB416A}
	EndGlobalSection
EndGlobal
